
Microsoft Visual Studio Solution File, Format Version 12.00
# Visual Studio Version 16
VisualStudioVersion = 16.0.31205.134
MinimumVisualStudioVersion = 10.0.40219.1
Project("{FAE04EC0-301F-11D3-BF4B-00C04F79EFBC}") = "ChatApplication.Domain", "ChatApplication.Domain\ChatApplication.Domain.csproj", "{359B9FB2-C012-497C-B111-E25F9573A0FF}"
EndProject
Project("{FAE04EC0-301F-11D3-BF4B-00C04F79EFBC}") = "ChatApplication.Business", "ChatApplication.Business\ChatApplication.Business.csproj", "{62308C33-D599-4860-8917-27950F57FA00}"
EndProject
Project("{FAE04EC0-301F-11D3-BF4B-00C04F79EFBC}") = "ChatApplication.Data", "ChatApplication.Data\ChatApplication.Data.csproj", "{325FF327-D07B-4F0C-9511-9CBE1AA641D9}"
EndProject
Project("{FAE04EC0-301F-11D3-BF4B-00C04F79EFBC}") = "ChatApplication.WebAPI", "ChatApplication.WebAPI\ChatApplication.WebAPI.csproj", "{12DE5D6D-C188-4AD8-8592-3D5A1D15BB59}"
EndProject
Global
	GlobalSection(SolutionConfigurationPlatforms) = preSolution
		Debug|Any CPU = Debug|Any CPU
		Release|Any CPU = Release|Any CPU
	EndGlobalSection
	GlobalSection(ProjectConfigurationPlatforms) = postSolution
		{359B9FB2-C012-497C-B111-E25F9573A0FF}.Debug|Any CPU.ActiveCfg = Debug|Any CPU
		{359B9FB2-C012-497C-B111-E25F9573A0FF}.Debug|Any CPU.Build.0 = Debug|Any CPU
		{359B9FB2-C012-497C-B111-E25F9573A0FF}.Release|Any CPU.ActiveCfg = Release|Any CPU
		{359B9FB2-C012-497C-B111-E25F9573A0FF}.Release|Any CPU.Build.0 = Release|Any CPU
		{62308C33-D599-4860-8917-27950F57FA00}.Debug|Any CPU.ActiveCfg = Debug|Any CPU
		{62308C33-D599-4860-8917-27950F57FA00}.Debug|Any CPU.Build.0 = Debug|Any CPU
		{62308C33-D599-4860-8917-27950F57FA00}.Release|Any CPU.ActiveCfg = Release|Any CPU
		{62308C33-D599-4860-8917-27950F57FA00}.Release|Any CPU.Build.0 = Release|Any CPU
		{325FF327-D07B-4F0C-9511-9CBE1AA641D9}.Debug|Any CPU.ActiveCfg = Debug|Any CPU
		{325FF327-D07B-4F0C-9511-9CBE1AA641D9}.Debug|Any CPU.Build.0 = Debug|Any CPU
		{325FF327-D07B-4F0C-9511-9CBE1AA641D9}.Release|Any CPU.ActiveCfg = Release|Any CPU
		{325FF327-D07B-4F0C-9511-9CBE1AA641D9}.Release|Any CPU.Build.0 = Release|Any CPU
		{12DE5D6D-C188-4AD8-8592-3D5A1D15BB59}.Debug|Any CPU.ActiveCfg = Debug|Any CPU
		{12DE5D6D-C188-4AD8-8592-3D5A1D15BB59}.Debug|Any CPU.Build.0 = Debug|Any CPU
		{12DE5D6D-C188-4AD8-8592-3D5A1D15BB59}.Release|Any CPU.ActiveCfg = Release|Any CPU
		{12DE5D6D-C188-4AD8-8592-3D5A1D15BB59}.Release|Any CPU.Build.0 = Release|Any CPU
	EndGlobalSection
	GlobalSection(SolutionProperties) = preSolution
		HideSolutionNode = FALSE
	EndGlobalSection
	GlobalSection(ExtensibilityGlobals) = postSolution
		SolutionGuid = {F99E967E-EF1A-43A6-B752-C1FED1EF9319}
	EndGlobalSection
EndGlobal
